
Microsoft Visual Studio Solution File, Format Version 12.00
# Visual Studio Version 17
VisualStudioVersion = 17.1.32210.238
MinimumVisualStudioVersion = 10.0.40219.1
Project("{FAE04EC0-301F-11D3-BF4B-00C04F79EFBC}") = "zadatakbr5", "zadatakbr5\zadatakbr5.csproj", "{083211CE-1CBF-4DD2-87FD-A19C9713093F}"
EndProject
Global
	GlobalSection(SolutionConfigurationPlatforms) = preSolution
		Debug|Any CPU = Debug|Any CPU
		Release|Any CPU = Release|Any CPU
	EndGlobalSection
	GlobalSection(ProjectConfigurationPlatforms) = postSolution
		{083211CE-1CBF-4DD2-87FD-A19C9713093F}.Debug|Any CPU.ActiveCfg = Debug|Any CPU
		{083211CE-1CBF-4DD2-87FD-A19C9713093F}.Debug|Any CPU.Build.0 = Debug|Any CPU
		{083211CE-1CBF-4DD2-87FD-A19C9713093F}.Release|Any CPU.ActiveCfg = Release|Any CPU
		{083211CE-1CBF-4DD2-87FD-A19C9713093F}.Release|Any CPU.Build.0 = Release|Any CPU
	EndGlobalSection
	GlobalSection(SolutionProperties) = preSolution
		HideSolutionNode = FALSE
	EndGlobalSection
	GlobalSection(ExtensibilityGlobals) = postSolution
		SolutionGuid = {A963E711-6790-40C1-9EB8-2BC19A11D00E}
	EndGlobalSection
EndGlobal
